
Microsoft Visual Studio Solution File, Format Version 12.00
# Visual Studio 15
VisualStudioVersion = 15.0.28307.168
MinimumVisualStudioVersion = 10.0.40219.1
Project("{888888A0-9F3D-457C-B088-3A5042F75D52}") = "HeaderParser", "HeaderParser\HeaderParser.pyproj", "{D79976D0-B5D0-41E7-B0A1-543704700E13}"
EndProject
Global
	GlobalSection(SolutionConfigurationPlatforms) = preSolution
		Debug|Any CPU = Debug|Any CPU
		Release|Any CPU = Release|Any CPU
	EndGlobalSection
	GlobalSection(ProjectConfigurationPlatforms) = postSolution
		{D79976D0-B5D0-41E7-B0A1-543704700E13}.Debug|Any CPU.ActiveCfg = Debug|Any CPU
		{D79976D0-B5D0-41E7-B0A1-543704700E13}.Release|Any CPU.ActiveCfg = Release|Any CPU
	EndGlobalSection
	GlobalSection(SolutionProperties) = preSolution
		HideSolutionNode = FALSE
	EndGlobalSection
	GlobalSection(ExtensibilityGlobals) = postSolution
		SolutionGuid = {52BA157C-68E9-459E-8433-BC8D0A1A22D5}
	EndGlobalSection
EndGlobal
